# This file is generated by running "yarn install" inside your project.
# Manual changes might be lost - proceed with caution!

__metadata:
  version: 4
  cacheKey: 5

"chnl@npm:^1.0.0":
  version: 1.2.0
  resolution: "chnl@npm:1.2.0"
  checksum: febad1c0418e65448d41e54f8692e601a2eb0ce0f87eea317704be55757b9c01dede0ef2c59d9e4af9ed36d330069b6f551ad89af473008b9d472b0e4e9e310a
  languageName: node
  linkType: hard

"define-properties@npm:^1.1.2, define-properties@npm:^1.1.3":
  version: 1.1.3
  resolution: "define-properties@npm:1.1.3"
  dependencies:
    object-keys: ^1.0.12
  checksum: b69c48c1b1dacb61f0b1cea367707c3bb214e3c47818aff18e6f20a7f88cbfa33d4cbdfd9ff79e56faba95ddca3d78ff10fbf2f02ecfad6f3e13b256e76b1212
  languageName: node
  linkType: hard

"es-abstract@npm:^1.17.0-next.0, es-abstract@npm:^1.17.5":
  version: 1.17.6
  resolution: "es-abstract@npm:1.17.6"
  dependencies:
    es-to-primitive: ^1.2.1
    function-bind: ^1.1.1
    has: ^1.0.3
    has-symbols: ^1.0.1
    is-callable: ^1.2.0
    is-regex: ^1.1.0
    object-inspect: ^1.7.0
    object-keys: ^1.1.1
    object.assign: ^4.1.0
    string.prototype.trimend: ^1.0.1
    string.prototype.trimstart: ^1.0.1
  checksum: 637ad488bdcbc538dfb35ee30cdbe5e48ecf68c5145a368c8f1be346e83d2555e416709e9382eb9902e542da94763cdd2152d87dbbb01b5b39919c1329bd0bb4
  languageName: node
  linkType: hard

"es-to-primitive@npm:^1.2.1":
  version: 1.2.1
  resolution: "es-to-primitive@npm:1.2.1"
  dependencies:
    is-callable: ^1.1.4
    is-date-object: ^1.0.1
    is-symbol: ^1.0.2
  checksum: d20b7be268b84662469972ec7265a57d4d6a65b9bf2b73f040d75e14f9f6dbe266a1a88579162e11349f9cb70eaa17640efb515c90dab19745a904b680b14be3
  languageName: node
  linkType: hard

"function-bind@npm:^1.1.1":
  version: 1.1.1
  resolution: "function-bind@npm:1.1.1"
  checksum: ffad86e7d2010ba179aaa6a3987d2cc0ed48fa92d27f1ed84bfa06d14f77deeed5bfbae7f00bdebc0c54218392cab2b18ecc080e2c72f592431927b87a27d42b
  languageName: node
  linkType: hard

"graphql-subscriptions-ws@workspace:.":
  version: 0.0.0-use.local
  resolution: "graphql-subscriptions-ws@workspace:."
  dependencies:
    prettier: ^2.0.5
    websocket-as-promised: ^1.0.1
  languageName: unknown
  linkType: soft

"has-symbols@npm:^1.0.0, has-symbols@npm:^1.0.1":
  version: 1.0.1
  resolution: "has-symbols@npm:1.0.1"
  checksum: 84e2a03ada6f530f0c1ebea64df5932556ac20a4b78998f1f2b5dd0cf736843e8082c488b0ea7f08b9aec72fb6d8b736beed2fd62fac60dcaebfdc0b8d2aa7ac
  languageName: node
  linkType: hard

"has@npm:^1.0.3":
  version: 1.0.3
  resolution: "has@npm:1.0.3"
  dependencies:
    function-bind: ^1.1.1
  checksum: c686e15300d41364486c099a9259d9c418022c294244843dcd712c4c286ff839d4f23a25413baa28c4d2c1e828afc2aaab70f685400b391533980223c71fa1ca
  languageName: node
  linkType: hard

"is-callable@npm:^1.1.4, is-callable@npm:^1.2.0":
  version: 1.2.0
  resolution: "is-callable@npm:1.2.0"
  checksum: 8a5e68b7c3a95159c98595789015da72e71432e638c4bc0aad4722ea6a1ffeca178838cfb6012f5b9cc1a8c61b737704bd658d8f588959a46a899961667e99f5
  languageName: node
  linkType: hard

"is-date-object@npm:^1.0.1":
  version: 1.0.2
  resolution: "is-date-object@npm:1.0.2"
  checksum: 0e322699464a99da638c8a583b74dfb791732b6bc9c102bc0b7ac6303d83c86b9935f19b8d2ed4de52092241190c8826b099cb31972dea49a99b755293c0b1cf
  languageName: node
  linkType: hard

"is-regex@npm:^1.1.0":
  version: 1.1.0
  resolution: "is-regex@npm:1.1.0"
  dependencies:
    has-symbols: ^1.0.1
  checksum: 8fe7ae8c060ff831660be439c17a39dadc97c950d2636634f27db83b6a048695b1c46d304ba8a77efe906fb20c99755fdf4a1f628fcf75de3cdcbb687096bdaa
  languageName: node
  linkType: hard

"is-symbol@npm:^1.0.2":
  version: 1.0.3
  resolution: "is-symbol@npm:1.0.3"
  dependencies:
    has-symbols: ^1.0.1
  checksum: 753aa0cf95069387521b110c6646df4e0b5cce76cf604521c26b4f5d30a997a95036ed5930c0cca9e850ac6fccb04de551cc95aab71df471ee88e04ed1a96f21
  languageName: node
  linkType: hard

"object-inspect@npm:^1.7.0":
  version: 1.8.0
  resolution: "object-inspect@npm:1.8.0"
  checksum: 4da23a188b3811d75fcd6e7916471465f94e4752159e064f9621040945d375dca1afa092a000a398267d81b4f40bf33cfdbe1e99eff98f1972155efe055f80c8
  languageName: node
  linkType: hard

"object-keys@npm:^1.0.11, object-keys@npm:^1.0.12, object-keys@npm:^1.1.1":
  version: 1.1.1
  resolution: "object-keys@npm:1.1.1"
  checksum: 30d72d768b7f3f42144cee517b80e70c40cf39bb76f100557ffac42779613c591780135c54d8133894a78d2c0ae817e24a5891484722c6019a5cd5b58c745c66
  languageName: node
  linkType: hard

"object.assign@npm:^4.1.0":
  version: 4.1.0
  resolution: "object.assign@npm:4.1.0"
  dependencies:
    define-properties: ^1.1.2
    function-bind: ^1.1.1
    has-symbols: ^1.0.0
    object-keys: ^1.0.11
  checksum: 92e20891ddf04d9974f7b178ae70d198727dcd638c8a5a422f07f730f40140c4fe02451cdc9c37e9f22392e5487b9162975003a9f20b16a87b9d13fe150cf62d
  languageName: node
  linkType: hard

"prettier@npm:^2.0.5":
  version: 2.0.5
  resolution: "prettier@npm:2.0.5"
  bin:
    prettier: bin-prettier.js
  checksum: d249d89361870a29b20e8b268cb09e908490b8c9e21f70393d12a213701f29ba7e95b7f9ce0ad63929c16ce475176742481911737ae3da4a498873e4a3b90990
  languageName: node
  linkType: hard

"promise-controller@npm:^1.0.0":
  version: 1.0.0
  resolution: "promise-controller@npm:1.0.0"
  checksum: 3170e82c1a7affa3814ab820817d38dd742d80999fabdb6a3e76c78b83bb98dc82e4f8ac526e8a5d7707a866421997a68b9aa98459e2b430fe471e8b0f6f57be
  languageName: node
  linkType: hard

"promise.prototype.finally@npm:^3.1.1":
  version: 3.1.2
  resolution: "promise.prototype.finally@npm:3.1.2"
  dependencies:
    define-properties: ^1.1.3
    es-abstract: ^1.17.0-next.0
    function-bind: ^1.1.1
  checksum: bad87121f91056f363df22cc7abb03901c073d0b6d593931a75be96a591bbcdd15b651122ef65221b36cc6dbb0c6cd2f37d8120d917464c642b858dfa5ea18e5
  languageName: node
  linkType: hard

"string.prototype.trimend@npm:^1.0.1":
  version: 1.0.1
  resolution: "string.prototype.trimend@npm:1.0.1"
  dependencies:
    define-properties: ^1.1.3
    es-abstract: ^1.17.5
  checksum: 93046463de6a3b4ae27d0622ae8795239c8d372b1be1a60122fce591bf7578b719becf00bf04326642a868bc6185f35901119b61a246509dd0dc0666b2a803ed
  languageName: node
  linkType: hard

"string.prototype.trimstart@npm:^1.0.1":
  version: 1.0.1
  resolution: "string.prototype.trimstart@npm:1.0.1"
  dependencies:
    define-properties: ^1.1.3
    es-abstract: ^1.17.5
  checksum: 20c4a940f1ba65b0aa5abf0c319dceba4fbf04d24553583b0b82eba2711815d1e40663ce36175ed06475701dbe797cac81be1ec1dc4bb4416b2077e8b0409036
  languageName: node
  linkType: hard

"websocket-as-promised@npm:^1.0.1":
  version: 1.0.1
  resolution: "websocket-as-promised@npm:1.0.1"
  dependencies:
    chnl: ^1.0.0
    promise-controller: ^1.0.0
    promise.prototype.finally: ^3.1.1
  checksum: 57f46af82281652d0cf2d7d52dfe99c346fa2bbd302aa00267ee717490e46c4c87f3757a94930988f65dc0ceabed08245b171ee51a3f164efaeba50c5e6db380
  languageName: node
  linkType: hard
